// !$*UTF8*$!
{
	archiveVersion = 1;
	classes = {
	};
	objectVersion = 46;
	objects = {

/* Begin PBXBuildFile section */
		3BEAAB711CC4576300326B15 /* Makefile in Sources */ = {isa = PBXBuildFile; fileRef = 3BEAAB6C1CC4576300326B15 /* Makefile */; };
		3BEAAB721CC4576300326B15 /* printDebug.c in Sources */ = {isa = PBXBuildFile; fileRef = 3BEAAB6D1CC4576300326B15 /* printDebug.c */; };
		3BEAAB731CC4576300326B15 /* printError.c in Sources */ = {isa = PBXBuildFile; fileRef = 3BEAAB6E1CC4576300326B15 /* printError.c */; };
		3BEAAB741CC4576300326B15 /* testLabelTable.c in Sources */ = {isa = PBXBuildFile; fileRef = 3BEAAB701CC4576300326B15 /* testLabelTable.c */; };
/* End PBXBuildFile section */

/* Begin PBXCopyFilesBuildPhase section */
		3BEAAB5D1CC456D900326B15 /* CopyFiles */ = {
			isa = PBXCopyFilesBuildPhase;
			buildActionMask = 2147483647;
			dstPath = /usr/share/man/man1/;
			dstSubfolderSpec = 0;
			files = (
			);
			runOnlyForDeploymentPostprocessing = 1;
		};
/* End PBXCopyFilesBuildPhase section */

/* Begin PBXFileReference section */
		3BEAAB5F1CC456DA00326B15 /* PP1b */ = {isa = PBXFileReference; explicitFileType = "compiled.mach-o.executable"; includeInIndex = 0; path = PP1b; sourceTree = BUILT_PRODUCTS_DIR; };
		3BEAAB691CC4576300326B15 /* assembler.h */ = {isa = PBXFileReference; fileEncoding = 4; lastKnownFileType = sourcecode.c.h; path = assembler.h; sourceTree = "<group>"; };
		3BEAAB6A1CC4576300326B15 /* LabelTable.c */ = {isa = PBXFileReference; fileEncoding = 4; lastKnownFileType = sourcecode.c.c; path = LabelTable.c; sourceTree = "<group>"; };
		3BEAAB6B1CC4576300326B15 /* LabelTable.h */ = {isa = PBXFileReference; fileEncoding = 4; lastKnownFileType = sourcecode.c.h; path = LabelTable.h; sourceTree = "<group>"; };
		3BEAAB6C1CC4576300326B15 /* Makefile */ = {isa = PBXFileReference; fileEncoding = 4; lastKnownFileType = sourcecode.make; path = Makefile; sourceTree = "<group>"; };
		3BEAAB6D1CC4576300326B15 /* printDebug.c */ = {isa = PBXFileReference; fileEncoding = 4; lastKnownFileType = sourcecode.c.c; path = printDebug.c; sourceTree = "<group>"; };
		3BEAAB6E1CC4576300326B15 /* printError.c */ = {isa = PBXFileReference; fileEncoding = 4; lastKnownFileType = sourcecode.c.c; path = printError.c; sourceTree = "<group>"; };
		3BEAAB6F1CC4576300326B15 /* printFuncs.h */ = {isa = PBXFileReference; fileEncoding = 4; lastKnownFileType = sourcecode.c.h; path = printFuncs.h; sourceTree = "<group>"; };
		3BEAAB701CC4576300326B15 /* testLabelTable.c */ = {isa = PBXFileReference; fileEncoding = 4; lastKnownFileType = sourcecode.c.c; path = testLabelTable.c; sourceTree = "<group>"; };
/* End PBXFileReference section */

/* Begin PBXFrameworksBuildPhase section */
		3BEAAB5C1CC456D900326B15 /* Frameworks */ = {
			isa = PBXFrameworksBuildPhase;
			buildActionMask = 2147483647;
			files = (
			);
			runOnlyForDeploymentPostprocessing = 0;
		};
/* End PBXFrameworksBuildPhase section */

/* Begin PBXGroup section */
		3BEAAB561CC456D900326B15 = {
			isa = PBXGroup;
			children = (
				3BEAAB611CC456DA00326B15 /* PP1b */,
				3BEAAB601CC456DA00326B15 /* Products */,
			);
			sourceTree = "<group>";
		};
		3BEAAB601CC456DA00326B15 /* Products */ = {
			isa = PBXGroup;
			children = (
				3BEAAB5F1CC456DA00326B15 /* PP1b */,
			);
			name = Products;
			sourceTree = "<group>";
		};
		3BEAAB611CC456DA00326B15 /* PP1b */ = {
			isa = PBXGroup;
			children = (
				3BEAAB691CC4576300326B15 /* assembler.h */,
				3BEAAB6A1CC4576300326B15 /* LabelTable.c */,
				3BEAAB6B1CC4576300326B15 /* LabelTable.h */,
				3BEAAB6C1CC4576300326B15 /* Makefile */,
				3BEAAB6D1CC4576300326B15 /* printDebug.c */,
				3BEAAB6E1CC4576300326B15 /* printError.c */,
				3BEAAB6F1CC4576300326B15 /* printFuncs.h */,
				3BEAAB701CC4576300326B15 /* testLabelTable.c */,
			);
			path = PP1b;
			sourceTree = "<group>";
		};
/* End PBXGroup section */

/* Begin PBXNativeTarget section */
		3BEAAB5E1CC456D900326B15 /* PP1b */ = {
			isa = PBXNativeTarget;
			buildConfigurationList = 3BEAAB661CC456DA00326B15 /* Build configuration list for PBXNativeTarget "PP1b" */;
			buildPhases = (
				3BEAAB5B1CC456D900326B15 /* Sources */,
				3BEAAB5C1CC456D900326B15 /* Frameworks */,
				3BEAAB5D1CC456D900326B15 /* CopyFiles */,
			);
			buildRules = (
			);
			dependencies = (
			);
			name = PP1b;
			productName = PP1b;
			productReference = 3BEAAB5F1CC456DA00326B15 /* PP1b */;
			productType = "com.apple.product-type.tool";
		};
/* End PBXNativeTarget section */

/* Begin PBXProject section */
		3BEAAB571CC456D900326B15 /* Project object */ = {
			isa = PBXProject;
			attributes = {
				LastUpgradeCheck = 0730;
				ORGANIZATIONNAME = "Colin Klein";
				TargetAttributes = {
					3BEAAB5E1CC456D900326B15 = {
						CreatedOnToolsVersion = 7.3;
					};
				};
			};
			buildConfigurationList = 3BEAAB5A1CC456D900326B15 /* Build configuration list for PBXProject "PP1b" */;
			compatibilityVersion = "Xcode 3.2";
			developmentRegion = English;
			hasScannedForEncodings = 0;
			knownRegions = (
				en,
			);
			mainGroup = 3BEAAB561CC456D900326B15;
			productRefGroup = 3BEAAB601CC456DA00326B15 /* Products */;
			projectDirPath = "";
			projectRoot = "";
			targets = (
				3BEAAB5E1CC456D900326B15 /* PP1b */,
			);
		};
/* End PBXProject section */

/* Begin PBXSourcesBuildPhase section */
		3BEAAB5B1CC456D900326B15 /* Sources */ = {
			isa = PBXSourcesBuildPhase;
			buildActionMask = 2147483647;
			files = (
				3BEAAB731CC4576300326B15 /* printError.c in Sources */,
				3BEAAB741CC4576300326B15 /* testLabelTable.c in Sources */,
				3BEAAB721CC4576300326B15 /* printDebug.c in Sources */,
				3BEAAB711CC4576300326B15 /* Makefile in Sources */,
			);
			runOnlyForDeploymentPostprocessing = 0;
		};
/* End PBXSourcesBuildPhase section */

/* Begin XCBuildConfiguration section */
		3BEAAB641CC456DA00326B15 /* Debug */ = {
			isa = XCBuildConfiguration;
			buildSettings = {
				ALWAYS_SEARCH_USER_PATHS = NO;
				CLANG_ANALYZER_NONNULL = YES;
				CLANG_CXX_LANGUAGE_STANDARD = "gnu++0x";
				CLANG_CXX_LIBRARY = "libc++";
				CLANG_ENABLE_MODULES = YES;
				CLANG_ENABLE_OBJC_ARC = YES;
				CLANG_WARN_BOOL_CONVERSION = YES;
				CLANG_WARN_CONSTANT_CONVERSION = YES;
				CLANG_WARN_DIRECT_OBJC_ISA_USAGE = YES_ERROR;
				CLANG_WARN_EMPTY_BODY = YES;
				CLANG_WARN_ENUM_CONVERSION = YES;
				CLANG_WARN_INT_CONVERSION = YES;
				CLANG_WARN_OBJC_ROOT_CLASS = YES_ERROR;
				CLANG_WARN_UNREACHABLE_CODE = YES;
				CLANG_WARN__DUPLICATE_METHOD_MATCH = YES;
				CODE_SIGN_IDENTITY = "-";
				COPY_PHASE_STRIP = NO;
				DEBUG_INFORMATION_FORMAT = dwarf;
				ENABLE_STRICT_OBJC_MSGSEND = YES;
				ENABLE_TESTABILITY = YES;
				GCC_C_LANGUAGE_STANDARD = gnu99;
				GCC_DYNAMIC_NO_PIC = NO;
				GCC_NO_COMMON_BLOCKS = YES;
				GCC_OPTIMIZATION_LEVEL = 0;
				GCC_PREPROCESSOR_DEFINITIONS = (
					"DEBUG=1",
					"$(inherited)",
				);
				GCC_WARN_64_TO_32_BIT_CONVERSION = YES;
				GCC_WARN_ABOUT_RETURN_TYPE = YES_ERROR;
				GCC_WARN_UNDECLARED_SELECTOR = YES;
				GCC_WARN_UNINITIALIZED_AUTOS = YES_AGGRESSIVE;
				GCC_WARN_UNUSED_FUNCTION = YES;
				GCC_WARN_UNUSED_VARIABLE = YES;
				MACOSX_DEPLOYMENT_TARGET = 10.11;
				MTL_ENABLE_DEBUG_INFO = YES;
				ONLY_ACTIVE_ARCH = YES;
				SDKROOT = macosx;
			};
			name = Debug;
		};
		3BEAAB651CC456DA00326B15 /* Release */ = {
			isa = XCBuildConfiguration;
			buildSettings = {
				ALWAYS_SEARCH_USER_PATHS = NO;
				CLANG_ANALYZER_NONNULL = YES;
				CLANG_CXX_LANGUAGE_STANDARD = "gnu++0x";
				CLANG_CXX_LIBRARY = "libc++";
				CLANG_ENABLE_MODULES = YES;
				CLANG_ENABLE_OBJC_ARC = YES;
				CLANG_WARN_BOOL_CONVERSION = YES;
				CLANG_WARN_CONSTANT_CONVERSION = YES;
				CLANG_WARN_DIRECT_OBJC_ISA_USAGE = YES_ERROR;
				CLANG_WARN_EMPTY_BODY = YES;
				CLANG_WARN_ENUM_CONVERSION = YES;
				CLANG_WARN_INT_CONVERSION = YES;
				CLANG_WARN_OBJC_ROOT_CLASS = YES_ERROR;
				CLANG_WARN_UNREACHABLE_CODE = YES;
				CLANG_WARN__DUPLICATE_METHOD_MATCH = YES;
				CODE_SIGN_IDENTITY = "-";
				COPY_PHASE_STRIP = NO;
				DEBUG_INFORMATION_FORMAT = "dwarf-with-dsym";
				ENABLE_NS_ASSERTIONS = NO;
				ENABLE_STRICT_OBJC_MSGSEND = YES;
				GCC_C_LANGUAGE_STANDARD = gnu99;
				GCC_NO_COMMON_BLOCKS = YES;
				GCC_WARN_64_TO_32_BIT_CONVERSION = YES;
				GCC_WARN_ABOUT_RETURN_TYPE = YES_ERROR;
				GCC_WARN_UNDECLARED_SELECTOR = YES;
				GCC_WARN_UNINITIALIZED_AUTOS = YES_AGGRESSIVE;
				GCC_WARN_UNUSED_FUNCTION = YES;
				GCC_WARN_UNUSED_VARIABLE = YES;
				MACOSX_DEPLOYMENT_TARGET = 10.11;
				MTL_ENABLE_DEBUG_INFO = NO;
				SDKROOT = macosx;
			};
			name = Release;
		};
		3BEAAB671CC456DA00326B15 /* Debug */ = {
			isa = XCBuildConfiguration;
			buildSettings = {
				ARCHS = "$(ARCHS_STANDARD)";
				PRODUCT_NAME = "$(TARGET_NAME)";
			};
			name = Debug;
		};
		3BEAAB681CC456DA00326B15 /* Release */ = {
			isa = XCBuildConfiguration;
			buildSettings = {
				ARCHS = "$(ARCHS_STANDARD)";
				PRODUCT_NAME = "$(TARGET_NAME)";
			};
			name = Release;
		};
/* End XCBuildConfiguration section */

/* Begin XCConfigurationList section */
		3BEAAB5A1CC456D900326B15 /* Build configuration list for PBXProject "PP1b" */ = {
			isa = XCConfigurationList;
			buildConfigurations = (
				3BEAAB641CC456DA00326B15 /* Debug */,
				3BEAAB651CC456DA00326B15 /* Release */,
			);
			defaultConfigurationIsVisible = 0;
			defaultConfigurationName = Release;
		};
		3BEAAB661CC456DA00326B15 /* Build configuration list for PBXNativeTarget "PP1b" */ = {
			isa = XCConfigurationList;
			buildConfigurations = (
				3BEAAB671CC456DA00326B15 /* Debug */,
				3BEAAB681CC456DA00326B15 /* Release */,
			);
			defaultConfigurationIsVisible = 0;
			defaultConfigurationName = Release;
		};
/* End XCConfigurationList section */
	};
	rootObject = 3BEAAB571CC456D900326B15 /* Project object */;
}
